
Microsoft Visual Studio Solution File, Format Version 12.00
# Visual Studio Version 17
VisualStudioVersion = 17.0.31903.59
MinimumVisualStudioVersion = 10.0.40219.1
Project("{FAE04EC0-301F-11D3-BF4B-00C04F79EFBC}") = "Bank.WebApi", "Bank.WebApi\Bank.WebApi.csproj", "{2E6AD8CE-A08B-4AE4-988D-BEEDB7268098}"
EndProject
Project("{FAE04EC0-301F-11D3-BF4B-00C04F79EFBC}") = "Bank.WebApi.Tests", "Bank.WebApi.Tests\Bank.WebApi.Tests.csproj", "{CE0E25C7-B3FE-42A6-9957-03C5269E66D7}"
EndProject
Global
	GlobalSection(SolutionConfigurationPlatforms) = preSolution
		Debug|Any CPU = Debug|Any CPU
		Release|Any CPU = Release|Any CPU
	EndGlobalSection
	GlobalSection(SolutionProperties) = preSolution
		HideSolutionNode = FALSE
	EndGlobalSection
	GlobalSection(ProjectConfigurationPlatforms) = postSolution
		{2E6AD8CE-A08B-4AE4-988D-BEEDB7268098}.Debug|Any CPU.ActiveCfg = Debug|Any CPU
		{2E6AD8CE-A08B-4AE4-988D-BEEDB7268098}.Debug|Any CPU.Build.0 = Debug|Any CPU
		{2E6AD8CE-A08B-4AE4-988D-BEEDB7268098}.Release|Any CPU.ActiveCfg = Release|Any CPU
		{2E6AD8CE-A08B-4AE4-988D-BEEDB7268098}.Release|Any CPU.Build.0 = Release|Any CPU
		{CE0E25C7-B3FE-42A6-9957-03C5269E66D7}.Debug|Any CPU.ActiveCfg = Debug|Any CPU
		{CE0E25C7-B3FE-42A6-9957-03C5269E66D7}.Debug|Any CPU.Build.0 = Debug|Any CPU
		{CE0E25C7-B3FE-42A6-9957-03C5269E66D7}.Release|Any CPU.ActiveCfg = Release|Any CPU
		{CE0E25C7-B3FE-42A6-9957-03C5269E66D7}.Release|Any CPU.Build.0 = Release|Any CPU
	EndGlobalSection
EndGlobal
